// !$*UTF8*$!
{
	archiveVersion = 1;
	classes = {
	};
	objectVersion = 50;
	objects = {

/* Begin PBXBuildFile section */
		6A635454235B9E010042F2D0 /* productiveTests.swift in Sources */ = {isa = PBXBuildFile; fileRef = 6A635453235B9E010042F2D0 /* productiveTests.swift */; };
		6A63546C235D1EFB0042F2D0 /* HomeViewController.swift in Sources */ = {isa = PBXBuildFile; fileRef = 6A635465235D1EFA0042F2D0 /* HomeViewController.swift */; };
		6A63546E235D1EFB0042F2D0 /* AppDelegate.swift in Sources */ = {isa = PBXBuildFile; fileRef = 6A635468235D1EFA0042F2D0 /* AppDelegate.swift */; };
		6A635472235D21A40042F2D0 /* Home.storyboard in Resources */ = {isa = PBXBuildFile; fileRef = 6A635464235D1EFA0042F2D0 /* Home.storyboard */; };
		6A635473235D21BB0042F2D0 /* LaunchScreen.storyboard in Resources */ = {isa = PBXBuildFile; fileRef = 6A635467235D1EFA0042F2D0 /* LaunchScreen.storyboard */; };
		6A635475235D33220042F2D0 /* HomeViewModel.swift in Sources */ = {isa = PBXBuildFile; fileRef = 6A635474235D33220042F2D0 /* HomeViewModel.swift */; };
		6A63547F235D37270042F2D0 /* BaseSuggestedViewModel.swift in Sources */ = {isa = PBXBuildFile; fileRef = 6A63547E235D37270042F2D0 /* BaseSuggestedViewModel.swift */; };
		6A635483235DB34A0042F2D0 /* CommonCell.swift in Sources */ = {isa = PBXBuildFile; fileRef = 6A635481235DB34A0042F2D0 /* CommonCell.swift */; };
		6A635484235DB34A0042F2D0 /* CommonCell.xib in Resources */ = {isa = PBXBuildFile; fileRef = 6A635482235DB34A0042F2D0 /* CommonCell.xib */; };
		6A635487235DB3640042F2D0 /* BaseSuggestedViewController.swift in Sources */ = {isa = PBXBuildFile; fileRef = 6A635485235DB3640042F2D0 /* BaseSuggestedViewController.swift */; };
		6A635488235DB3640042F2D0 /* BaseSuggestedViewController.xib in Resources */ = {isa = PBXBuildFile; fileRef = 6A635486235DB3640042F2D0 /* BaseSuggestedViewController.xib */; };
		6A63548C235DB9290042F2D0 /* UITableView+Dequeue.swift in Sources */ = {isa = PBXBuildFile; fileRef = 6A63548B235DB9290042F2D0 /* UITableView+Dequeue.swift */; };
		6A63548E235E42A40042F2D0 /* Dequeuable.swift in Sources */ = {isa = PBXBuildFile; fileRef = 6A63548D235E42A40042F2D0 /* Dequeuable.swift */; };
		6A635496235E82C00042F2D0 /* Category.swift in Sources */ = {isa = PBXBuildFile; fileRef = 6A635495235E82C00042F2D0 /* Category.swift */; };
		6A635498235E88D70042F2D0 /* Assets.xcassets in Resources */ = {isa = PBXBuildFile; fileRef = 6A635497235E88D70042F2D0 /* Assets.xcassets */; };
		6A63549C235ED8F20042F2D0 /* CommonCellDisplayModelType.swift in Sources */ = {isa = PBXBuildFile; fileRef = 6A63549B235ED8F20042F2D0 /* CommonCellDisplayModelType.swift */; };
		6A63549E235ED95E0042F2D0 /* CommonCellDisplayModel.swift in Sources */ = {isa = PBXBuildFile; fileRef = 6A63549D235ED95E0042F2D0 /* CommonCellDisplayModel.swift */; };
		6A6354AD236169710042F2D0 /* ChooseNameAndIconViewController.swift in Sources */ = {isa = PBXBuildFile; fileRef = 6A6354AB236169710042F2D0 /* ChooseNameAndIconViewController.swift */; };
		6A6354AE236169710042F2D0 /* ChooseNameAndIconViewController.xib in Resources */ = {isa = PBXBuildFile; fileRef = 6A6354AC236169710042F2D0 /* ChooseNameAndIconViewController.xib */; };
		6A6354B02361697F0042F2D0 /* ChooseNameAndIconViewModel.swift in Sources */ = {isa = PBXBuildFile; fileRef = 6A6354AF2361697F0042F2D0 /* ChooseNameAndIconViewModel.swift */; };
		6A6354B2237185B40042F2D0 /* Action.swift in Sources */ = {isa = PBXBuildFile; fileRef = 6A6354B1237185B40042F2D0 /* Action.swift */; };
		6A6354B4237185D30042F2D0 /* Habit.swift in Sources */ = {isa = PBXBuildFile; fileRef = 6A6354B3237185D30042F2D0 /* Habit.swift */; };
/* End PBXBuildFile section */

/* Begin PBXContainerItemProxy section */
		6A635450235B9E010042F2D0 /* PBXContainerItemProxy */ = {
			isa = PBXContainerItemProxy;
			containerPortal = 6A635433235B9DFC0042F2D0 /* Project object */;
			proxyType = 1;
			remoteGlobalIDString = 6A63543A235B9DFC0042F2D0;
			remoteInfo = productive;
		};
/* End PBXContainerItemProxy section */

/* Begin PBXFileReference section */
		6A63543B235B9DFC0042F2D0 /* productive.app */ = {isa = PBXFileReference; explicitFileType = wrapper.application; includeInIndex = 0; path = productive.app; sourceTree = BUILT_PRODUCTS_DIR; };
		6A63544F235B9E010042F2D0 /* productiveTests.xctest */ = {isa = PBXFileReference; explicitFileType = wrapper.cfbundle; includeInIndex = 0; path = productiveTests.xctest; sourceTree = BUILT_PRODUCTS_DIR; };
		6A635453235B9E010042F2D0 /* productiveTests.swift */ = {isa = PBXFileReference; lastKnownFileType = sourcecode.swift; path = productiveTests.swift; sourceTree = "<group>"; };
		6A635455235B9E010042F2D0 /* Info.plist */ = {isa = PBXFileReference; lastKnownFileType = text.plist.xml; path = Info.plist; sourceTree = "<group>"; };
		6A635461235D1EFA0042F2D0 /* Info.plist */ = {isa = PBXFileReference; fileEncoding = 4; lastKnownFileType = text.plist.xml; path = Info.plist; sourceTree = "<group>"; };
		6A635464235D1EFA0042F2D0 /* Home.storyboard */ = {isa = PBXFileReference; fileEncoding = 4; lastKnownFileType = file.storyboard; path = Home.storyboard; sourceTree = "<group>"; };
		6A635465235D1EFA0042F2D0 /* HomeViewController.swift */ = {isa = PBXFileReference; fileEncoding = 4; lastKnownFileType = sourcecode.swift; path = HomeViewController.swift; sourceTree = "<group>"; };
		6A635467235D1EFA0042F2D0 /* LaunchScreen.storyboard */ = {isa = PBXFileReference; fileEncoding = 4; lastKnownFileType = file.storyboard; path = LaunchScreen.storyboard; sourceTree = "<group>"; };
		6A635468235D1EFA0042F2D0 /* AppDelegate.swift */ = {isa = PBXFileReference; fileEncoding = 4; lastKnownFileType = sourcecode.swift; path = AppDelegate.swift; sourceTree = "<group>"; };
		6A635474235D33220042F2D0 /* HomeViewModel.swift */ = {isa = PBXFileReference; lastKnownFileType = sourcecode.swift; path = HomeViewModel.swift; sourceTree = "<group>"; };
		6A63547E235D37270042F2D0 /* BaseSuggestedViewModel.swift */ = {isa = PBXFileReference; lastKnownFileType = sourcecode.swift; path = BaseSuggestedViewModel.swift; sourceTree = "<group>"; };
		6A635481235DB34A0042F2D0 /* CommonCell.swift */ = {isa = PBXFileReference; lastKnownFileType = sourcecode.swift; path = CommonCell.swift; sourceTree = "<group>"; };
		6A635482235DB34A0042F2D0 /* CommonCell.xib */ = {isa = PBXFileReference; lastKnownFileType = file.xib; path = CommonCell.xib; sourceTree = "<group>"; };
		6A635485235DB3640042F2D0 /* BaseSuggestedViewController.swift */ = {isa = PBXFileReference; lastKnownFileType = sourcecode.swift; path = BaseSuggestedViewController.swift; sourceTree = "<group>"; };
		6A635486235DB3640042F2D0 /* BaseSuggestedViewController.xib */ = {isa = PBXFileReference; lastKnownFileType = file.xib; path = BaseSuggestedViewController.xib; sourceTree = "<group>"; };
		6A63548B235DB9290042F2D0 /* UITableView+Dequeue.swift */ = {isa = PBXFileReference; lastKnownFileType = sourcecode.swift; path = "UITableView+Dequeue.swift"; sourceTree = "<group>"; };
		6A63548D235E42A40042F2D0 /* Dequeuable.swift */ = {isa = PBXFileReference; lastKnownFileType = sourcecode.swift; path = Dequeuable.swift; sourceTree = "<group>"; };
		6A635495235E82C00042F2D0 /* Category.swift */ = {isa = PBXFileReference; lastKnownFileType = sourcecode.swift; path = Category.swift; sourceTree = "<group>"; };
		6A635497235E88D70042F2D0 /* Assets.xcassets */ = {isa = PBXFileReference; lastKnownFileType = folder.assetcatalog; path = Assets.xcassets; sourceTree = "<group>"; };
		6A63549B235ED8F20042F2D0 /* CommonCellDisplayModelType.swift */ = {isa = PBXFileReference; lastKnownFileType = sourcecode.swift; path = CommonCellDisplayModelType.swift; sourceTree = "<group>"; };
		6A63549D235ED95E0042F2D0 /* CommonCellDisplayModel.swift */ = {isa = PBXFileReference; lastKnownFileType = sourcecode.swift; path = CommonCellDisplayModel.swift; sourceTree = "<group>"; };
		6A6354AB236169710042F2D0 /* ChooseNameAndIconViewController.swift */ = {isa = PBXFileReference; lastKnownFileType = sourcecode.swift; path = ChooseNameAndIconViewController.swift; sourceTree = "<group>"; };
		6A6354AC236169710042F2D0 /* ChooseNameAndIconViewController.xib */ = {isa = PBXFileReference; lastKnownFileType = file.xib; path = ChooseNameAndIconViewController.xib; sourceTree = "<group>"; };
		6A6354AF2361697F0042F2D0 /* ChooseNameAndIconViewModel.swift */ = {isa = PBXFileReference; lastKnownFileType = sourcecode.swift; path = ChooseNameAndIconViewModel.swift; sourceTree = "<group>"; };
		6A6354B1237185B40042F2D0 /* Action.swift */ = {isa = PBXFileReference; lastKnownFileType = sourcecode.swift; path = Action.swift; sourceTree = "<group>"; };
		6A6354B3237185D30042F2D0 /* Habit.swift */ = {isa = PBXFileReference; lastKnownFileType = sourcecode.swift; path = Habit.swift; sourceTree = "<group>"; };
/* End PBXFileReference section */

/* Begin PBXFrameworksBuildPhase section */
		6A635438235B9DFC0042F2D0 /* Frameworks */ = {
			isa = PBXFrameworksBuildPhase;
			buildActionMask = 2147483647;
			files = (
			);
			runOnlyForDeploymentPostprocessing = 0;
		};
		6A63544C235B9E010042F2D0 /* Frameworks */ = {
			isa = PBXFrameworksBuildPhase;
			buildActionMask = 2147483647;
			files = (
			);
			runOnlyForDeploymentPostprocessing = 0;
		};
/* End PBXFrameworksBuildPhase section */

/* Begin PBXGroup section */
		6A635432235B9DFC0042F2D0 = {
			isa = PBXGroup;
			children = (
				6A63545E235D1EFA0042F2D0 /* Source */,
				6A635452235B9E010042F2D0 /* productiveTests */,
				6A63543C235B9DFC0042F2D0 /* Products */,
			);
			sourceTree = "<group>";
		};
		6A63543C235B9DFC0042F2D0 /* Products */ = {
			isa = PBXGroup;
			children = (
				6A63543B235B9DFC0042F2D0 /* productive.app */,
				6A63544F235B9E010042F2D0 /* productiveTests.xctest */,
			);
			name = Products;
			sourceTree = "<group>";
		};
		6A635452235B9E010042F2D0 /* productiveTests */ = {
			isa = PBXGroup;
			children = (
				6A635476235D34EE0042F2D0 /* Source */,
				6A635453235B9E010042F2D0 /* productiveTests.swift */,
				6A635455235B9E010042F2D0 /* Info.plist */,
			);
			path = productiveTests;
			sourceTree = "<group>";
		};
		6A63545E235D1EFA0042F2D0 /* Source */ = {
			isa = PBXGroup;
			children = (
				6A635489235DB8E90042F2D0 /* Extensions */,
				6A63545F235D1EFA0042F2D0 /* Resources */,
				6A635462235D1EFA0042F2D0 /* Features */,
				6A635494235E82A40042F2D0 /* Models */,
				6A635466235D1EFA0042F2D0 /* Startup */,
			);
			path = Source;
			sourceTree = "<group>";
		};
		6A63545F235D1EFA0042F2D0 /* Resources */ = {
			isa = PBXGroup;
			children = (
				6A635497235E88D70042F2D0 /* Assets.xcassets */,
				6A635461235D1EFA0042F2D0 /* Info.plist */,
			);
			path = Resources;
			sourceTree = "<group>";
		};
		6A635462235D1EFA0042F2D0 /* Features */ = {
			isa = PBXGroup;
			children = (
				6A6354AA236169560042F2D0 /* ChooseNameAndIcon */,
				6A635480235DB30C0042F2D0 /* Common */,
				6A635463235D1EFA0042F2D0 /* Home */,
				6A635479235D36DA0042F2D0 /* BaseSuggested */,
			);
			path = Features;
			sourceTree = "<group>";
		};
		6A635463235D1EFA0042F2D0 /* Home */ = {
			isa = PBXGroup;
			children = (
				6A635464235D1EFA0042F2D0 /* Home.storyboard */,
				6A635465235D1EFA0042F2D0 /* HomeViewController.swift */,
				6A635474235D33220042F2D0 /* HomeViewModel.swift */,
			);
			path = Home;
			sourceTree = "<group>";
		};
		6A635466235D1EFA0042F2D0 /* Startup */ = {
			isa = PBXGroup;
			children = (
				6A635467235D1EFA0042F2D0 /* LaunchScreen.storyboard */,
				6A635468235D1EFA0042F2D0 /* AppDelegate.swift */,
			);
			path = Startup;
			sourceTree = "<group>";
		};
		6A635476235D34EE0042F2D0 /* Source */ = {
			isa = PBXGroup;
			children = (
				6A635477235D34FC0042F2D0 /* Features */,
			);
			path = Source;
			sourceTree = "<group>";
		};
		6A635477235D34FC0042F2D0 /* Features */ = {
			isa = PBXGroup;
			children = (
				6A635478235D35020042F2D0 /* Home */,
			);
			path = Features;
			sourceTree = "<group>";
		};
		6A635478235D35020042F2D0 /* Home */ = {
			isa = PBXGroup;
			children = (
			);
			path = Home;
			sourceTree = "<group>";
		};
		6A635479235D36DA0042F2D0 /* BaseSuggested */ = {
			isa = PBXGroup;
			children = (
				6A635486235DB3640042F2D0 /* BaseSuggestedViewController.xib */,
				6A635485235DB3640042F2D0 /* BaseSuggestedViewController.swift */,
				6A63547E235D37270042F2D0 /* BaseSuggestedViewModel.swift */,
			);
			path = BaseSuggested;
			sourceTree = "<group>";
		};
		6A635480235DB30C0042F2D0 /* Common */ = {
			isa = PBXGroup;
			children = (
				6A6354A8235F09F60042F2D0 /* CommonCell */,
				6A63548F235E451F0042F2D0 /* Dequeuable */,
			);
			path = Common;
			sourceTree = "<group>";
		};
		6A635489235DB8E90042F2D0 /* Extensions */ = {
			isa = PBXGroup;
			children = (
				6A63548A235DB8ED0042F2D0 /* UITableView */,
			);
			path = Extensions;
			sourceTree = "<group>";
		};
		6A63548A235DB8ED0042F2D0 /* UITableView */ = {
			isa = PBXGroup;
			children = (
				6A63548B235DB9290042F2D0 /* UITableView+Dequeue.swift */,
			);
			path = UITableView;
			sourceTree = "<group>";
		};
		6A63548F235E451F0042F2D0 /* Dequeuable */ = {
			isa = PBXGroup;
			children = (
				6A63548D235E42A40042F2D0 /* Dequeuable.swift */,
			);
			path = Dequeuable;
			sourceTree = "<group>";
		};
		6A635494235E82A40042F2D0 /* Models */ = {
			isa = PBXGroup;
			children = (
				6A635495235E82C00042F2D0 /* Category.swift */,
				6A6354B1237185B40042F2D0 /* Action.swift */,
				6A6354B3237185D30042F2D0 /* Habit.swift */,
			);
			path = Models;
			sourceTree = "<group>";
		};
		6A6354A8235F09F60042F2D0 /* CommonCell */ = {
			isa = PBXGroup;
			children = (
				6A635481235DB34A0042F2D0 /* CommonCell.swift */,
				6A635482235DB34A0042F2D0 /* CommonCell.xib */,
				6A63549D235ED95E0042F2D0 /* CommonCellDisplayModel.swift */,
				6A63549B235ED8F20042F2D0 /* CommonCellDisplayModelType.swift */,
			);
			path = CommonCell;
			sourceTree = "<group>";
		};
		6A6354AA236169560042F2D0 /* ChooseNameAndIcon */ = {
			isa = PBXGroup;
			children = (
				6A6354AC236169710042F2D0 /* ChooseNameAndIconViewController.xib */,
				6A6354AB236169710042F2D0 /* ChooseNameAndIconViewController.swift */,
				6A6354AF2361697F0042F2D0 /* ChooseNameAndIconViewModel.swift */,
			);
			path = ChooseNameAndIcon;
			sourceTree = "<group>";
		};
/* End PBXGroup section */

/* Begin PBXNativeTarget section */
		6A63543A235B9DFC0042F2D0 /* productive */ = {
			isa = PBXNativeTarget;
			buildConfigurationList = 6A635458235B9E010042F2D0 /* Build configuration list for PBXNativeTarget "productive" */;
			buildPhases = (
				6A635437235B9DFC0042F2D0 /* Sources */,
				6A635438235B9DFC0042F2D0 /* Frameworks */,
				6A635439235B9DFC0042F2D0 /* Resources */,
			);
			buildRules = (
			);
			dependencies = (
			);
			name = productive;
			productName = productive;
			productReference = 6A63543B235B9DFC0042F2D0 /* productive.app */;
			productType = "com.apple.product-type.application";
		};
		6A63544E235B9E010042F2D0 /* productiveTests */ = {
			isa = PBXNativeTarget;
			buildConfigurationList = 6A63545B235B9E010042F2D0 /* Build configuration list for PBXNativeTarget "productiveTests" */;
			buildPhases = (
				6A63544B235B9E010042F2D0 /* Sources */,
				6A63544C235B9E010042F2D0 /* Frameworks */,
				6A63544D235B9E010042F2D0 /* Resources */,
			);
			buildRules = (
			);
			dependencies = (
				6A635451235B9E010042F2D0 /* PBXTargetDependency */,
			);
			name = productiveTests;
			productName = productiveTests;
			productReference = 6A63544F235B9E010042F2D0 /* productiveTests.xctest */;
			productType = "com.apple.product-type.bundle.unit-test";
		};
/* End PBXNativeTarget section */

/* Begin PBXProject section */
		6A635433235B9DFC0042F2D0 /* Project object */ = {
			isa = PBXProject;
			attributes = {
				LastSwiftUpdateCheck = 1030;
				LastUpgradeCheck = 1030;
				ORGANIZATIONNAME = CoderLyn;
				TargetAttributes = {
					6A63543A235B9DFC0042F2D0 = {
						CreatedOnToolsVersion = 10.3;
					};
					6A63544E235B9E010042F2D0 = {
						CreatedOnToolsVersion = 10.3;
						TestTargetID = 6A63543A235B9DFC0042F2D0;
					};
				};
			};
			buildConfigurationList = 6A635436235B9DFC0042F2D0 /* Build configuration list for PBXProject "productive" */;
			compatibilityVersion = "Xcode 9.3";
			developmentRegion = en;
			hasScannedForEncodings = 0;
			knownRegions = (
				en,
				Base,
			);
			mainGroup = 6A635432235B9DFC0042F2D0;
			productRefGroup = 6A63543C235B9DFC0042F2D0 /* Products */;
			projectDirPath = "";
			projectRoot = "";
			targets = (
				6A63543A235B9DFC0042F2D0 /* productive */,
				6A63544E235B9E010042F2D0 /* productiveTests */,
			);
		};
/* End PBXProject section */

/* Begin PBXResourcesBuildPhase section */
		6A635439235B9DFC0042F2D0 /* Resources */ = {
			isa = PBXResourcesBuildPhase;
			buildActionMask = 2147483647;
			files = (
				6A635473235D21BB0042F2D0 /* LaunchScreen.storyboard in Resources */,
				6A6354AE236169710042F2D0 /* ChooseNameAndIconViewController.xib in Resources */,
				6A635472235D21A40042F2D0 /* Home.storyboard in Resources */,
				6A635484235DB34A0042F2D0 /* CommonCell.xib in Resources */,
				6A635488235DB3640042F2D0 /* BaseSuggestedViewController.xib in Resources */,
				6A635498235E88D70042F2D0 /* Assets.xcassets in Resources */,
			);
			runOnlyForDeploymentPostprocessing = 0;
		};
		6A63544D235B9E010042F2D0 /* Resources */ = {
			isa = PBXResourcesBuildPhase;
			buildActionMask = 2147483647;
			files = (
			);
			runOnlyForDeploymentPostprocessing = 0;
		};
/* End PBXResourcesBuildPhase section */

/* Begin PBXSourcesBuildPhase section */
		6A635437235B9DFC0042F2D0 /* Sources */ = {
			isa = PBXSourcesBuildPhase;
			buildActionMask = 2147483647;
			files = (
				6A63546E235D1EFB0042F2D0 /* AppDelegate.swift in Sources */,
				6A6354AD236169710042F2D0 /* ChooseNameAndIconViewController.swift in Sources */,
				6A6354B02361697F0042F2D0 /* ChooseNameAndIconViewModel.swift in Sources */,
				6A635483235DB34A0042F2D0 /* CommonCell.swift in Sources */,
				6A635475235D33220042F2D0 /* HomeViewModel.swift in Sources */,
				6A635487235DB3640042F2D0 /* BaseSuggestedViewController.swift in Sources */,
				6A6354B4237185D30042F2D0 /* Habit.swift in Sources */,
				6A63546C235D1EFB0042F2D0 /* HomeViewController.swift in Sources */,
				6A63548C235DB9290042F2D0 /* UITableView+Dequeue.swift in Sources */,
				6A63549C235ED8F20042F2D0 /* CommonCellDisplayModelType.swift in Sources */,
				6A63547F235D37270042F2D0 /* BaseSuggestedViewModel.swift in Sources */,
				6A63549E235ED95E0042F2D0 /* CommonCellDisplayModel.swift in Sources */,
				6A6354B2237185B40042F2D0 /* Action.swift in Sources */,
				6A635496235E82C00042F2D0 /* Category.swift in Sources */,
				6A63548E235E42A40042F2D0 /* Dequeuable.swift in Sources */,
			);
			runOnlyForDeploymentPostprocessing = 0;
		};
		6A63544B235B9E010042F2D0 /* Sources */ = {
			isa = PBXSourcesBuildPhase;
			buildActionMask = 2147483647;
			files = (
				6A635454235B9E010042F2D0 /* productiveTests.swift in Sources */,
			);
			runOnlyForDeploymentPostprocessing = 0;
		};
/* End PBXSourcesBuildPhase section */

/* Begin PBXTargetDependency section */
		6A635451235B9E010042F2D0 /* PBXTargetDependency */ = {
			isa = PBXTargetDependency;
			target = 6A63543A235B9DFC0042F2D0 /* productive */;
			targetProxy = 6A635450235B9E010042F2D0 /* PBXContainerItemProxy */;
		};
/* End PBXTargetDependency section */

/* Begin XCBuildConfiguration section */
		6A635456235B9E010042F2D0 /* Debug */ = {
			isa = XCBuildConfiguration;
			buildSettings = {
				ALWAYS_SEARCH_USER_PATHS = NO;
				CLANG_ANALYZER_NONNULL = YES;
				CLANG_ANALYZER_NUMBER_OBJECT_CONVERSION = YES_AGGRESSIVE;
				CLANG_CXX_LANGUAGE_STANDARD = "gnu++14";
				CLANG_CXX_LIBRARY = "libc++";
				CLANG_ENABLE_MODULES = YES;
				CLANG_ENABLE_OBJC_ARC = YES;
				CLANG_ENABLE_OBJC_WEAK = YES;
				CLANG_WARN_BLOCK_CAPTURE_AUTORELEASING = YES;
				CLANG_WARN_BOOL_CONVERSION = YES;
				CLANG_WARN_COMMA = YES;
				CLANG_WARN_CONSTANT_CONVERSION = YES;
				CLANG_WARN_DEPRECATED_OBJC_IMPLEMENTATIONS = YES;
				CLANG_WARN_DIRECT_OBJC_ISA_USAGE = YES_ERROR;
				CLANG_WARN_DOCUMENTATION_COMMENTS = YES;
				CLANG_WARN_EMPTY_BODY = YES;
				CLANG_WARN_ENUM_CONVERSION = YES;
				CLANG_WARN_INFINITE_RECURSION = YES;
				CLANG_WARN_INT_CONVERSION = YES;
				CLANG_WARN_NON_LITERAL_NULL_CONVERSION = YES;
				CLANG_WARN_OBJC_IMPLICIT_RETAIN_SELF = YES;
				CLANG_WARN_OBJC_LITERAL_CONVERSION = YES;
				CLANG_WARN_OBJC_ROOT_CLASS = YES_ERROR;
				CLANG_WARN_RANGE_LOOP_ANALYSIS = YES;
				CLANG_WARN_STRICT_PROTOTYPES = YES;
				CLANG_WARN_SUSPICIOUS_MOVE = YES;
				CLANG_WARN_UNGUARDED_AVAILABILITY = YES_AGGRESSIVE;
				CLANG_WARN_UNREACHABLE_CODE = YES;
				CLANG_WARN__DUPLICATE_METHOD_MATCH = YES;
				CODE_SIGN_IDENTITY = "iPhone Developer";
				COPY_PHASE_STRIP = NO;
				DEBUG_INFORMATION_FORMAT = dwarf;
				ENABLE_STRICT_OBJC_MSGSEND = YES;
				ENABLE_TESTABILITY = YES;
				GCC_C_LANGUAGE_STANDARD = gnu11;
				GCC_DYNAMIC_NO_PIC = NO;
				GCC_NO_COMMON_BLOCKS = YES;
				GCC_OPTIMIZATION_LEVEL = 0;
				GCC_PREPROCESSOR_DEFINITIONS = (
					"DEBUG=1",
					"$(inherited)",
				);
				GCC_WARN_64_TO_32_BIT_CONVERSION = YES;
				GCC_WARN_ABOUT_RETURN_TYPE = YES_ERROR;
				GCC_WARN_UNDECLARED_SELECTOR = YES;
				GCC_WARN_UNINITIALIZED_AUTOS = YES_AGGRESSIVE;
				GCC_WARN_UNUSED_FUNCTION = YES;
				GCC_WARN_UNUSED_VARIABLE = YES;
				IPHONEOS_DEPLOYMENT_TARGET = 12.4;
				MTL_ENABLE_DEBUG_INFO = INCLUDE_SOURCE;
				MTL_FAST_MATH = YES;
				ONLY_ACTIVE_ARCH = YES;
				SDKROOT = iphoneos;
				SWIFT_ACTIVE_COMPILATION_CONDITIONS = DEBUG;
				SWIFT_OPTIMIZATION_LEVEL = "-Onone";
			};
			name = Debug;
		};
		6A635457235B9E010042F2D0 /* Release */ = {
			isa = XCBuildConfiguration;
			buildSettings = {
				ALWAYS_SEARCH_USER_PATHS = NO;
				CLANG_ANALYZER_NONNULL = YES;
				CLANG_ANALYZER_NUMBER_OBJECT_CONVERSION = YES_AGGRESSIVE;
				CLANG_CXX_LANGUAGE_STANDARD = "gnu++14";
				CLANG_CXX_LIBRARY = "libc++";
				CLANG_ENABLE_MODULES = YES;
				CLANG_ENABLE_OBJC_ARC = YES;
				CLANG_ENABLE_OBJC_WEAK = YES;
				CLANG_WARN_BLOCK_CAPTURE_AUTORELEASING = YES;
				CLANG_WARN_BOOL_CONVERSION = YES;
				CLANG_WARN_COMMA = YES;
				CLANG_WARN_CONSTANT_CONVERSION = YES;
				CLANG_WARN_DEPRECATED_OBJC_IMPLEMENTATIONS = YES;
				CLANG_WARN_DIRECT_OBJC_ISA_USAGE = YES_ERROR;
				CLANG_WARN_DOCUMENTATION_COMMENTS = YES;
				CLANG_WARN_EMPTY_BODY = YES;
				CLANG_WARN_ENUM_CONVERSION = YES;
				CLANG_WARN_INFINITE_RECURSION = YES;
				CLANG_WARN_INT_CONVERSION = YES;
				CLANG_WARN_NON_LITERAL_NULL_CONVERSION = YES;
				CLANG_WARN_OBJC_IMPLICIT_RETAIN_SELF = YES;
				CLANG_WARN_OBJC_LITERAL_CONVERSION = YES;
				CLANG_WARN_OBJC_ROOT_CLASS = YES_ERROR;
				CLANG_WARN_RANGE_LOOP_ANALYSIS = YES;
				CLANG_WARN_STRICT_PROTOTYPES = YES;
				CLANG_WARN_SUSPICIOUS_MOVE = YES;
				CLANG_WARN_UNGUARDED_AVAILABILITY = YES_AGGRESSIVE;
				CLANG_WARN_UNREACHABLE_CODE = YES;
				CLANG_WARN__DUPLICATE_METHOD_MATCH = YES;
				CODE_SIGN_IDENTITY = "iPhone Developer";
				COPY_PHASE_STRIP = NO;
				DEBUG_INFORMATION_FORMAT = "dwarf-with-dsym";
				ENABLE_NS_ASSERTIONS = NO;
				ENABLE_STRICT_OBJC_MSGSEND = YES;
				GCC_C_LANGUAGE_STANDARD = gnu11;
				GCC_NO_COMMON_BLOCKS = YES;
				GCC_WARN_64_TO_32_BIT_CONVERSION = YES;
				GCC_WARN_ABOUT_RETURN_TYPE = YES_ERROR;
				GCC_WARN_UNDECLARED_SELECTOR = YES;
				GCC_WARN_UNINITIALIZED_AUTOS = YES_AGGRESSIVE;
				GCC_WARN_UNUSED_FUNCTION = YES;
				GCC_WARN_UNUSED_VARIABLE = YES;
				IPHONEOS_DEPLOYMENT_TARGET = 12.4;
				MTL_ENABLE_DEBUG_INFO = NO;
				MTL_FAST_MATH = YES;
				SDKROOT = iphoneos;
				SWIFT_COMPILATION_MODE = wholemodule;
				SWIFT_OPTIMIZATION_LEVEL = "-O";
				VALIDATE_PRODUCT = YES;
			};
			name = Release;
		};
		6A635459235B9E010042F2D0 /* Debug */ = {
			isa = XCBuildConfiguration;
			buildSettings = {
				ASSETCATALOG_COMPILER_APPICON_NAME = AppIcon;
				CODE_SIGN_STYLE = Automatic;
				DEVELOPMENT_TEAM = DXJZH5R66H;
				INFOPLIST_FILE = "$(SRCROOT)/Source/Resources/Info.plist";
				LD_RUNPATH_SEARCH_PATHS = (
					"$(inherited)",
					"@executable_path/Frameworks",
				);
				PRODUCT_BUNDLE_IDENTIFIER = com.coderlyn.productive;
				PRODUCT_NAME = "$(TARGET_NAME)";
				SWIFT_VERSION = 5.0;
				TARGETED_DEVICE_FAMILY = "1,2";
			};
			name = Debug;
		};
		6A63545A235B9E010042F2D0 /* Release */ = {
			isa = XCBuildConfiguration;
			buildSettings = {
				ASSETCATALOG_COMPILER_APPICON_NAME = AppIcon;
				CODE_SIGN_STYLE = Automatic;
				DEVELOPMENT_TEAM = DXJZH5R66H;
				INFOPLIST_FILE = "$(SRCROOT)/Source/Resources/Info.plist";
				LD_RUNPATH_SEARCH_PATHS = (
					"$(inherited)",
					"@executable_path/Frameworks",
				);
				PRODUCT_BUNDLE_IDENTIFIER = com.coderlyn.productive;
				PRODUCT_NAME = "$(TARGET_NAME)";
				SWIFT_VERSION = 5.0;
				TARGETED_DEVICE_FAMILY = "1,2";
			};
			name = Release;
		};
		6A63545C235B9E010042F2D0 /* Debug */ = {
			isa = XCBuildConfiguration;
			buildSettings = {
				ALWAYS_EMBED_SWIFT_STANDARD_LIBRARIES = YES;
				BUNDLE_LOADER = "$(TEST_HOST)";
				CODE_SIGN_STYLE = Automatic;
				INFOPLIST_FILE = productiveTests/Info.plist;
				LD_RUNPATH_SEARCH_PATHS = (
					"$(inherited)",
					"@executable_path/Frameworks",
					"@loader_path/Frameworks",
				);
				PRODUCT_BUNDLE_IDENTIFIER = com.coderlyn.productiveTests;
				PRODUCT_NAME = "$(TARGET_NAME)";
				SWIFT_VERSION = 5.0;
				TARGETED_DEVICE_FAMILY = "1,2";
				TEST_HOST = "$(BUILT_PRODUCTS_DIR)/productive.app/productive";
			};
			name = Debug;
		};
		6A63545D235B9E010042F2D0 /* Release */ = {
			isa = XCBuildConfiguration;
			buildSettings = {
				ALWAYS_EMBED_SWIFT_STANDARD_LIBRARIES = YES;
				BUNDLE_LOADER = "$(TEST_HOST)";
				CODE_SIGN_STYLE = Automatic;
				INFOPLIST_FILE = productiveTests/Info.plist;
				LD_RUNPATH_SEARCH_PATHS = (
					"$(inherited)",
					"@executable_path/Frameworks",
					"@loader_path/Frameworks",
				);
				PRODUCT_BUNDLE_IDENTIFIER = com.coderlyn.productiveTests;
				PRODUCT_NAME = "$(TARGET_NAME)";
				SWIFT_VERSION = 5.0;
				TARGETED_DEVICE_FAMILY = "1,2";
				TEST_HOST = "$(BUILT_PRODUCTS_DIR)/productive.app/productive";
			};
			name = Release;
		};
/* End XCBuildConfiguration section */

/* Begin XCConfigurationList section */
		6A635436235B9DFC0042F2D0 /* Build configuration list for PBXProject "productive" */ = {
			isa = XCConfigurationList;
			buildConfigurations = (
				6A635456235B9E010042F2D0 /* Debug */,
				6A635457235B9E010042F2D0 /* Release */,
			);
			defaultConfigurationIsVisible = 0;
			defaultConfigurationName = Release;
		};
		6A635458235B9E010042F2D0 /* Build configuration list for PBXNativeTarget "productive" */ = {
			isa = XCConfigurationList;
			buildConfigurations = (
				6A635459235B9E010042F2D0 /* Debug */,
				6A63545A235B9E010042F2D0 /* Release */,
			);
			defaultConfigurationIsVisible = 0;
			defaultConfigurationName = Release;
		};
		6A63545B235B9E010042F2D0 /* Build configuration list for PBXNativeTarget "productiveTests" */ = {
			isa = XCConfigurationList;
			buildConfigurations = (
				6A63545C235B9E010042F2D0 /* Debug */,
				6A63545D235B9E010042F2D0 /* Release */,
			);
			defaultConfigurationIsVisible = 0;
			defaultConfigurationName = Release;
		};
/* End XCConfigurationList section */
	};
	rootObject = 6A635433235B9DFC0042F2D0 /* Project object */;
}
